
Microsoft Visual Studio Solution File, Format Version 12.00
# Visual Studio 15
VisualStudioVersion = 15.0.26124.0
MinimumVisualStudioVersion = 15.0.26124.0
Project("{FAE04EC0-301F-11D3-BF4B-00C04F79EFBC}") = "threads", "threads\threads.csproj", "{4991E220-C865-4CA7-84B7-40177DFD349C}"
EndProject
Project("{FAE04EC0-301F-11D3-BF4B-00C04F79EFBC}") = "signaling", "signaling\signaling.csproj", "{2F3FE217-37F9-4114-B398-A3AB429CC988}"
EndProject
Global
	GlobalSection(SolutionConfigurationPlatforms) = preSolution
		Debug|Any CPU = Debug|Any CPU
		Debug|x64 = Debug|x64
		Debug|x86 = Debug|x86
		Release|Any CPU = Release|Any CPU
		Release|x64 = Release|x64
		Release|x86 = Release|x86
	EndGlobalSection
	GlobalSection(SolutionProperties) = preSolution
		HideSolutionNode = FALSE
	EndGlobalSection
	GlobalSection(ProjectConfigurationPlatforms) = postSolution
		{4991E220-C865-4CA7-84B7-40177DFD349C}.Debug|Any CPU.ActiveCfg = Debug|Any CPU
		{4991E220-C865-4CA7-84B7-40177DFD349C}.Debug|Any CPU.Build.0 = Debug|Any CPU
		{4991E220-C865-4CA7-84B7-40177DFD349C}.Debug|x64.ActiveCfg = Debug|Any CPU
		{4991E220-C865-4CA7-84B7-40177DFD349C}.Debug|x64.Build.0 = Debug|Any CPU
		{4991E220-C865-4CA7-84B7-40177DFD349C}.Debug|x86.ActiveCfg = Debug|Any CPU
		{4991E220-C865-4CA7-84B7-40177DFD349C}.Debug|x86.Build.0 = Debug|Any CPU
		{4991E220-C865-4CA7-84B7-40177DFD349C}.Release|Any CPU.ActiveCfg = Release|Any CPU
		{4991E220-C865-4CA7-84B7-40177DFD349C}.Release|Any CPU.Build.0 = Release|Any CPU
		{4991E220-C865-4CA7-84B7-40177DFD349C}.Release|x64.ActiveCfg = Release|Any CPU
		{4991E220-C865-4CA7-84B7-40177DFD349C}.Release|x64.Build.0 = Release|Any CPU
		{4991E220-C865-4CA7-84B7-40177DFD349C}.Release|x86.ActiveCfg = Release|Any CPU
		{4991E220-C865-4CA7-84B7-40177DFD349C}.Release|x86.Build.0 = Release|Any CPU
		{2F3FE217-37F9-4114-B398-A3AB429CC988}.Debug|Any CPU.ActiveCfg = Debug|Any CPU
		{2F3FE217-37F9-4114-B398-A3AB429CC988}.Debug|Any CPU.Build.0 = Debug|Any CPU
		{2F3FE217-37F9-4114-B398-A3AB429CC988}.Debug|x64.ActiveCfg = Debug|Any CPU
		{2F3FE217-37F9-4114-B398-A3AB429CC988}.Debug|x64.Build.0 = Debug|Any CPU
		{2F3FE217-37F9-4114-B398-A3AB429CC988}.Debug|x86.ActiveCfg = Debug|Any CPU
		{2F3FE217-37F9-4114-B398-A3AB429CC988}.Debug|x86.Build.0 = Debug|Any CPU
		{2F3FE217-37F9-4114-B398-A3AB429CC988}.Release|Any CPU.ActiveCfg = Release|Any CPU
		{2F3FE217-37F9-4114-B398-A3AB429CC988}.Release|Any CPU.Build.0 = Release|Any CPU
		{2F3FE217-37F9-4114-B398-A3AB429CC988}.Release|x64.ActiveCfg = Release|Any CPU
		{2F3FE217-37F9-4114-B398-A3AB429CC988}.Release|x64.Build.0 = Release|Any CPU
		{2F3FE217-37F9-4114-B398-A3AB429CC988}.Release|x86.ActiveCfg = Release|Any CPU
		{2F3FE217-37F9-4114-B398-A3AB429CC988}.Release|x86.Build.0 = Release|Any CPU
	EndGlobalSection
EndGlobal
